
Microsoft Visual Studio Solution File, Format Version 11.00
# Visual Studio 2010
Project("{FAE04EC0-301F-11D3-BF4B-00C04F79EFBC}") = "MissingPoster", "WantedPoster\MissingPoster.csproj", "{51C85083-2FEF-4FEE-9067-E8D55CB41206}"
EndProject
Project("{54435603-DBB4-11D2-8724-00A0C9A8B90C}") = "WantedPosterSetup", "WantedPosterSetup\WantedPosterSetup.vdproj", "{D9C79C5C-EC90-4B50-8598-23C39E9D2F4A}"
EndProject
Global
	GlobalSection(SolutionConfigurationPlatforms) = preSolution
		Debug|x86 = Debug|x86
		Release|x86 = Release|x86
	EndGlobalSection
	GlobalSection(ProjectConfigurationPlatforms) = postSolution
		{51C85083-2FEF-4FEE-9067-E8D55CB41206}.Debug|x86.ActiveCfg = Debug|x86
		{51C85083-2FEF-4FEE-9067-E8D55CB41206}.Debug|x86.Build.0 = Debug|x86
		{51C85083-2FEF-4FEE-9067-E8D55CB41206}.Release|x86.ActiveCfg = Release|x86
		{51C85083-2FEF-4FEE-9067-E8D55CB41206}.Release|x86.Build.0 = Release|x86
		{D9C79C5C-EC90-4B50-8598-23C39E9D2F4A}.Debug|x86.ActiveCfg = Debug
		{D9C79C5C-EC90-4B50-8598-23C39E9D2F4A}.Release|x86.ActiveCfg = Release
	EndGlobalSection
	GlobalSection(SolutionProperties) = preSolution
		HideSolutionNode = FALSE
	EndGlobalSection
EndGlobal
